
Microsoft Visual Studio Solution File, Format Version 12.00
# Visual Studio Version 17
VisualStudioVersion = 17.1.32228.430
MinimumVisualStudioVersion = 10.0.40219.1
Project("{FAE04EC0-301F-11D3-BF4B-00C04F79EFBC}") = "TimeDev.UWP", "TimeDev\TimeDev.UWP\TimeDev.UWP.csproj", "{4F77408C-7CC8-4005-93FC-374DF955E809}"
EndProject
Project("{FAE04EC0-301F-11D3-BF4B-00C04F79EFBC}") = "TimeDev.Android", "TimeDev\TimeDev.Android\TimeDev.Android.csproj", "{6233C411-E2EA-4A7C-A733-E2E58C080816}"
EndProject
Project("{FAE04EC0-301F-11D3-BF4B-00C04F79EFBC}") = "TimeDev.iOS", "TimeDev\TimeDev.iOS\TimeDev.iOS.csproj", "{55B226F1-004D-448F-920B-44B8777C0F75}"
EndProject
Project("{9A19103F-16F7-4668-BE54-9A1E7A4F7556}") = "TimeDev", "TimeDev\TimeDev\TimeDev.csproj", "{C5390ABE-A03E-4E33-8263-D9465678B2B1}"
EndProject
Project("{FAE04EC0-301F-11D3-BF4B-00C04F79EFBC}") = "UwpToSystray", "UwpToSystray\UwpToSystray.csproj", "{9630186A-29A8-4833-887C-37632A732519}"
EndProject
Global
	GlobalSection(SolutionConfigurationPlatforms) = preSolution
		Debug|Any CPU = Debug|Any CPU
		Debug|ARM = Debug|ARM
		Debug|ARM64 = Debug|ARM64
		Debug|iPhone = Debug|iPhone
		Debug|iPhoneSimulator = Debug|iPhoneSimulator
		Debug|x64 = Debug|x64
		Debug|x86 = Debug|x86
		Release|Any CPU = Release|Any CPU
		Release|ARM = Release|ARM
		Release|ARM64 = Release|ARM64
		Release|iPhone = Release|iPhone
		Release|iPhoneSimulator = Release|iPhoneSimulator
		Release|x64 = Release|x64
		Release|x86 = Release|x86
	EndGlobalSection
	GlobalSection(ProjectConfigurationPlatforms) = postSolution
		{4F77408C-7CC8-4005-93FC-374DF955E809}.Debug|Any CPU.ActiveCfg = Debug|x64
		{4F77408C-7CC8-4005-93FC-374DF955E809}.Debug|Any CPU.Build.0 = Debug|x64
		{4F77408C-7CC8-4005-93FC-374DF955E809}.Debug|Any CPU.Deploy.0 = Debug|x64
		{4F77408C-7CC8-4005-93FC-374DF955E809}.Debug|ARM.ActiveCfg = Debug|ARM
		{4F77408C-7CC8-4005-93FC-374DF955E809}.Debug|ARM.Build.0 = Debug|ARM
		{4F77408C-7CC8-4005-93FC-374DF955E809}.Debug|ARM.Deploy.0 = Debug|ARM
		{4F77408C-7CC8-4005-93FC-374DF955E809}.Debug|ARM64.ActiveCfg = Debug|x64
		{4F77408C-7CC8-4005-93FC-374DF955E809}.Debug|ARM64.Build.0 = Debug|x64
		{4F77408C-7CC8-4005-93FC-374DF955E809}.Debug|ARM64.Deploy.0 = Debug|x64
		{4F77408C-7CC8-4005-93FC-374DF955E809}.Debug|iPhone.ActiveCfg = Debug|x64
		{4F77408C-7CC8-4005-93FC-374DF955E809}.Debug|iPhone.Build.0 = Debug|x64
		{4F77408C-7CC8-4005-93FC-374DF955E809}.Debug|iPhone.Deploy.0 = Debug|x64
		{4F77408C-7CC8-4005-93FC-374DF955E809}.Debug|iPhoneSimulator.ActiveCfg = Debug|x64
		{4F77408C-7CC8-4005-93FC-374DF955E809}.Debug|iPhoneSimulator.Build.0 = Debug|x64
		{4F77408C-7CC8-4005-93FC-374DF955E809}.Debug|iPhoneSimulator.Deploy.0 = Debug|x64
		{4F77408C-7CC8-4005-93FC-374DF955E809}.Debug|x64.ActiveCfg = Debug|x64
		{4F77408C-7CC8-4005-93FC-374DF955E809}.Debug|x64.Build.0 = Debug|x64
		{4F77408C-7CC8-4005-93FC-374DF955E809}.Debug|x64.Deploy.0 = Debug|x64
		{4F77408C-7CC8-4005-93FC-374DF955E809}.Debug|x86.ActiveCfg = Debug|x86
		{4F77408C-7CC8-4005-93FC-374DF955E809}.Debug|x86.Build.0 = Debug|x86
		{4F77408C-7CC8-4005-93FC-374DF955E809}.Debug|x86.Deploy.0 = Debug|x86
		{4F77408C-7CC8-4005-93FC-374DF955E809}.Release|Any CPU.ActiveCfg = Release|x64
		{4F77408C-7CC8-4005-93FC-374DF955E809}.Release|Any CPU.Build.0 = Release|x64
		{4F77408C-7CC8-4005-93FC-374DF955E809}.Release|Any CPU.Deploy.0 = Release|x64
		{4F77408C-7CC8-4005-93FC-374DF955E809}.Release|ARM.ActiveCfg = Release|ARM
		{4F77408C-7CC8-4005-93FC-374DF955E809}.Release|ARM.Build.0 = Release|ARM
		{4F77408C-7CC8-4005-93FC-374DF955E809}.Release|ARM.Deploy.0 = Release|ARM
		{4F77408C-7CC8-4005-93FC-374DF955E809}.Release|ARM64.ActiveCfg = Release|x64
		{4F77408C-7CC8-4005-93FC-374DF955E809}.Release|ARM64.Build.0 = Release|x64
		{4F77408C-7CC8-4005-93FC-374DF955E809}.Release|ARM64.Deploy.0 = Release|x64
		{4F77408C-7CC8-4005-93FC-374DF955E809}.Release|iPhone.ActiveCfg = Release|x64
		{4F77408C-7CC8-4005-93FC-374DF955E809}.Release|iPhone.Build.0 = Release|x64
		{4F77408C-7CC8-4005-93FC-374DF955E809}.Release|iPhone.Deploy.0 = Release|x64
		{4F77408C-7CC8-4005-93FC-374DF955E809}.Release|iPhoneSimulator.ActiveCfg = Release|x64
		{4F77408C-7CC8-4005-93FC-374DF955E809}.Release|iPhoneSimulator.Build.0 = Release|x64
		{4F77408C-7CC8-4005-93FC-374DF955E809}.Release|iPhoneSimulator.Deploy.0 = Release|x64
		{4F77408C-7CC8-4005-93FC-374DF955E809}.Release|x64.ActiveCfg = Release|x64
		{4F77408C-7CC8-4005-93FC-374DF955E809}.Release|x64.Build.0 = Release|x64
		{4F77408C-7CC8-4005-93FC-374DF955E809}.Release|x64.Deploy.0 = Release|x64
		{4F77408C-7CC8-4005-93FC-374DF955E809}.Release|x86.ActiveCfg = Release|x86
		{4F77408C-7CC8-4005-93FC-374DF955E809}.Release|x86.Build.0 = Release|x86
		{4F77408C-7CC8-4005-93FC-374DF955E809}.Release|x86.Deploy.0 = Release|x86
		{6233C411-E2EA-4A7C-A733-E2E58C080816}.Debug|Any CPU.ActiveCfg = Debug|Any CPU
		{6233C411-E2EA-4A7C-A733-E2E58C080816}.Debug|Any CPU.Build.0 = Debug|Any CPU
		{6233C411-E2EA-4A7C-A733-E2E58C080816}.Debug|Any CPU.Deploy.0 = Debug|Any CPU
		{6233C411-E2EA-4A7C-A733-E2E58C080816}.Debug|ARM.ActiveCfg = Debug|Any CPU
		{6233C411-E2EA-4A7C-A733-E2E58C080816}.Debug|ARM.Build.0 = Debug|Any CPU
		{6233C411-E2EA-4A7C-A733-E2E58C080816}.Debug|ARM.Deploy.0 = Debug|Any CPU
		{6233C411-E2EA-4A7C-A733-E2E58C080816}.Debug|ARM64.ActiveCfg = Debug|Any CPU
		{6233C411-E2EA-4A7C-A733-E2E58C080816}.Debug|ARM64.Build.0 = Debug|Any CPU
		{6233C411-E2EA-4A7C-A733-E2E58C080816}.Debug|ARM64.Deploy.0 = Debug|Any CPU
		{6233C411-E2EA-4A7C-A733-E2E58C080816}.Debug|iPhone.ActiveCfg = Debug|Any CPU
		{6233C411-E2EA-4A7C-A733-E2E58C080816}.Debug|iPhone.Build.0 = Debug|Any CPU
		{6233C411-E2EA-4A7C-A733-E2E58C080816}.Debug|iPhone.Deploy.0 = Debug|Any CPU
		{6233C411-E2EA-4A7C-A733-E2E58C080816}.Debug|iPhoneSimulator.ActiveCfg = Debug|Any CPU
		{6233C411-E2EA-4A7C-A733-E2E58C080816}.Debug|iPhoneSimulator.Build.0 = Debug|Any CPU
		{6233C411-E2EA-4A7C-A733-E2E58C080816}.Debug|iPhoneSimulator.Deploy.0 = Debug|Any CPU
		{6233C411-E2EA-4A7C-A733-E2E58C080816}.Debug|x64.ActiveCfg = Debug|Any CPU
		{6233C411-E2EA-4A7C-A733-E2E58C080816}.Debug|x64.Build.0 = Debug|Any CPU
		{6233C411-E2EA-4A7C-A733-E2E58C080816}.Debug|x64.Deploy.0 = Debug|Any CPU
		{6233C411-E2EA-4A7C-A733-E2E58C080816}.Debug|x86.ActiveCfg = Debug|Any CPU
		{6233C411-E2EA-4A7C-A733-E2E58C080816}.Debug|x86.Build.0 = Debug|Any CPU
		{6233C411-E2EA-4A7C-A733-E2E58C080816}.Debug|x86.Deploy.0 = Debug|Any CPU
		{6233C411-E2EA-4A7C-A733-E2E58C080816}.Release|Any CPU.ActiveCfg = Release|Any CPU
		{6233C411-E2EA-4A7C-A733-E2E58C080816}.Release|Any CPU.Build.0 = Release|Any CPU
		{6233C411-E2EA-4A7C-A733-E2E58C080816}.Release|Any CPU.Deploy.0 = Release|Any CPU
		{6233C411-E2EA-4A7C-A733-E2E58C080816}.Release|ARM.ActiveCfg = Release|Any CPU
		{6233C411-E2EA-4A7C-A733-E2E58C080816}.Release|ARM.Build.0 = Release|Any CPU
		{6233C411-E2EA-4A7C-A733-E2E58C080816}.Release|ARM.Deploy.0 = Release|Any CPU
		{6233C411-E2EA-4A7C-A733-E2E58C080816}.Release|ARM64.ActiveCfg = Release|Any CPU
		{6233C411-E2EA-4A7C-A733-E2E58C080816}.Release|ARM64.Build.0 = Release|Any CPU
		{6233C411-E2EA-4A7C-A733-E2E58C080816}.Release|ARM64.Deploy.0 = Release|Any CPU
		{6233C411-E2EA-4A7C-A733-E2E58C080816}.Release|iPhone.ActiveCfg = Release|Any CPU
		{6233C411-E2EA-4A7C-A733-E2E58C080816}.Release|iPhone.Build.0 = Release|Any CPU
		{6233C411-E2EA-4A7C-A733-E2E58C080816}.Release|iPhone.Deploy.0 = Release|Any CPU
		{6233C411-E2EA-4A7C-A733-E2E58C080816}.Release|iPhoneSimulator.ActiveCfg = Release|Any CPU
		{6233C411-E2EA-4A7C-A733-E2E58C080816}.Release|iPhoneSimulator.Build.0 = Release|Any CPU
		{6233C411-E2EA-4A7C-A733-E2E58C080816}.Release|iPhoneSimulator.Deploy.0 = Release|Any CPU
		{6233C411-E2EA-4A7C-A733-E2E58C080816}.Release|x64.ActiveCfg = Release|Any CPU
		{6233C411-E2EA-4A7C-A733-E2E58C080816}.Release|x64.Build.0 = Release|Any CPU
		{6233C411-E2EA-4A7C-A733-E2E58C080816}.Release|x64.Deploy.0 = Release|Any CPU
		{6233C411-E2EA-4A7C-A733-E2E58C080816}.Release|x86.ActiveCfg = Release|Any CPU
		{6233C411-E2EA-4A7C-A733-E2E58C080816}.Release|x86.Build.0 = Release|Any CPU
		{6233C411-E2EA-4A7C-A733-E2E58C080816}.Release|x86.Deploy.0 = Release|Any CPU
		{55B226F1-004D-448F-920B-44B8777C0F75}.Debug|Any CPU.ActiveCfg = Debug|iPhoneSimulator
		{55B226F1-004D-448F-920B-44B8777C0F75}.Debug|Any CPU.Build.0 = Debug|iPhoneSimulator
		{55B226F1-004D-448F-920B-44B8777C0F75}.Debug|Any CPU.Deploy.0 = Debug|iPhoneSimulator
		{55B226F1-004D-448F-920B-44B8777C0F75}.Debug|ARM.ActiveCfg = Debug|iPhoneSimulator
		{55B226F1-004D-448F-920B-44B8777C0F75}.Debug|ARM.Build.0 = Debug|iPhoneSimulator
		{55B226F1-004D-448F-920B-44B8777C0F75}.Debug|ARM.Deploy.0 = Debug|iPhoneSimulator
		{55B226F1-004D-448F-920B-44B8777C0F75}.Debug|ARM64.ActiveCfg = Debug|iPhone
		{55B226F1-004D-448F-920B-44B8777C0F75}.Debug|ARM64.Build.0 = Debug|iPhone
		{55B226F1-004D-448F-920B-44B8777C0F75}.Debug|iPhone.ActiveCfg = Debug|iPhone
		{55B226F1-004D-448F-920B-44B8777C0F75}.Debug|iPhone.Build.0 = Debug|iPhone
		{55B226F1-004D-448F-920B-44B8777C0F75}.Debug|iPhone.Deploy.0 = Debug|iPhone
		{55B226F1-004D-448F-920B-44B8777C0F75}.Debug|iPhoneSimulator.ActiveCfg = Debug|iPhoneSimulator
		{55B226F1-004D-448F-920B-44B8777C0F75}.Debug|iPhoneSimulator.Build.0 = Debug|iPhoneSimulator
		{55B226F1-004D-448F-920B-44B8777C0F75}.Debug|iPhoneSimulator.Deploy.0 = Debug|iPhoneSimulator
		{55B226F1-004D-448F-920B-44B8777C0F75}.Debug|x64.ActiveCfg = Debug|iPhone
		{55B226F1-004D-448F-920B-44B8777C0F75}.Debug|x64.Build.0 = Debug|iPhone
		{55B226F1-004D-448F-920B-44B8777C0F75}.Debug|x64.Deploy.0 = Debug|iPhone
		{55B226F1-004D-448F-920B-44B8777C0F75}.Debug|x86.ActiveCfg = Debug|iPhoneSimulator
		{55B226F1-004D-448F-920B-44B8777C0F75}.Debug|x86.Build.0 = Debug|iPhoneSimulator
		{55B226F1-004D-448F-920B-44B8777C0F75}.Debug|x86.Deploy.0 = Debug|iPhoneSimulator
		{55B226F1-004D-448F-920B-44B8777C0F75}.Release|Any CPU.ActiveCfg = Release|iPhoneSimulator
		{55B226F1-004D-448F-920B-44B8777C0F75}.Release|Any CPU.Build.0 = Release|iPhoneSimulator
		{55B226F1-004D-448F-920B-44B8777C0F75}.Release|Any CPU.Deploy.0 = Release|iPhoneSimulator
		{55B226F1-004D-448F-920B-44B8777C0F75}.Release|ARM.ActiveCfg = Release|iPhoneSimulator
		{55B226F1-004D-448F-920B-44B8777C0F75}.Release|ARM.Build.0 = Release|iPhoneSimulator
		{55B226F1-004D-448F-920B-44B8777C0F75}.Release|ARM.Deploy.0 = Release|iPhoneSimulator
		{55B226F1-004D-448F-920B-44B8777C0F75}.Release|ARM64.ActiveCfg = Release|iPhone
		{55B226F1-004D-448F-920B-44B8777C0F75}.Release|ARM64.Build.0 = Release|iPhone
		{55B226F1-004D-448F-920B-44B8777C0F75}.Release|iPhone.ActiveCfg = Release|iPhone
		{55B226F1-004D-448F-920B-44B8777C0F75}.Release|iPhone.Build.0 = Release|iPhone
		{55B226F1-004D-448F-920B-44B8777C0F75}.Release|iPhone.Deploy.0 = Release|iPhone
		{55B226F1-004D-448F-920B-44B8777C0F75}.Release|iPhoneSimulator.ActiveCfg = Release|iPhoneSimulator
		{55B226F1-004D-448F-920B-44B8777C0F75}.Release|iPhoneSimulator.Build.0 = Release|iPhoneSimulator
		{55B226F1-004D-448F-920B-44B8777C0F75}.Release|iPhoneSimulator.Deploy.0 = Release|iPhoneSimulator
		{55B226F1-004D-448F-920B-44B8777C0F75}.Release|x64.ActiveCfg = Release|iPhoneSimulator
		{55B226F1-004D-448F-920B-44B8777C0F75}.Release|x64.Build.0 = Release|iPhoneSimulator
		{55B226F1-004D-448F-920B-44B8777C0F75}.Release|x64.Deploy.0 = Release|iPhoneSimulator
		{55B226F1-004D-448F-920B-44B8777C0F75}.Release|x86.ActiveCfg = Release|iPhoneSimulator
		{55B226F1-004D-448F-920B-44B8777C0F75}.Release|x86.Build.0 = Release|iPhoneSimulator
		{55B226F1-004D-448F-920B-44B8777C0F75}.Release|x86.Deploy.0 = Release|iPhoneSimulator
		{C5390ABE-A03E-4E33-8263-D9465678B2B1}.Debug|Any CPU.ActiveCfg = Debug|Any CPU
		{C5390ABE-A03E-4E33-8263-D9465678B2B1}.Debug|Any CPU.Build.0 = Debug|Any CPU
		{C5390ABE-A03E-4E33-8263-D9465678B2B1}.Debug|Any CPU.Deploy.0 = Debug|Any CPU
		{C5390ABE-A03E-4E33-8263-D9465678B2B1}.Debug|ARM.ActiveCfg = Debug|Any CPU
		{C5390ABE-A03E-4E33-8263-D9465678B2B1}.Debug|ARM.Build.0 = Debug|Any CPU
		{C5390ABE-A03E-4E33-8263-D9465678B2B1}.Debug|ARM.Deploy.0 = Debug|Any CPU
		{C5390ABE-A03E-4E33-8263-D9465678B2B1}.Debug|ARM64.ActiveCfg = Debug|Any CPU
		{C5390ABE-A03E-4E33-8263-D9465678B2B1}.Debug|ARM64.Build.0 = Debug|Any CPU
		{C5390ABE-A03E-4E33-8263-D9465678B2B1}.Debug|iPhone.ActiveCfg = Debug|Any CPU
		{C5390ABE-A03E-4E33-8263-D9465678B2B1}.Debug|iPhone.Build.0 = Debug|Any CPU
		{C5390ABE-A03E-4E33-8263-D9465678B2B1}.Debug|iPhone.Deploy.0 = Debug|Any CPU
		{C5390ABE-A03E-4E33-8263-D9465678B2B1}.Debug|iPhoneSimulator.ActiveCfg = Debug|Any CPU
		{C5390ABE-A03E-4E33-8263-D9465678B2B1}.Debug|iPhoneSimulator.Build.0 = Debug|Any CPU
		{C5390ABE-A03E-4E33-8263-D9465678B2B1}.Debug|iPhoneSimulator.Deploy.0 = Debug|Any CPU
		{C5390ABE-A03E-4E33-8263-D9465678B2B1}.Debug|x64.ActiveCfg = Debug|Any CPU
		{C5390ABE-A03E-4E33-8263-D9465678B2B1}.Debug|x64.Build.0 = Debug|Any CPU
		{C5390ABE-A03E-4E33-8263-D9465678B2B1}.Debug|x64.Deploy.0 = Debug|Any CPU
		{C5390ABE-A03E-4E33-8263-D9465678B2B1}.Debug|x86.ActiveCfg = Debug|Any CPU
		{C5390ABE-A03E-4E33-8263-D9465678B2B1}.Debug|x86.Build.0 = Debug|Any CPU
		{C5390ABE-A03E-4E33-8263-D9465678B2B1}.Debug|x86.Deploy.0 = Debug|Any CPU
		{C5390ABE-A03E-4E33-8263-D9465678B2B1}.Release|Any CPU.ActiveCfg = Release|Any CPU
		{C5390ABE-A03E-4E33-8263-D9465678B2B1}.Release|Any CPU.Build.0 = Release|Any CPU
		{C5390ABE-A03E-4E33-8263-D9465678B2B1}.Release|Any CPU.Deploy.0 = Release|Any CPU
		{C5390ABE-A03E-4E33-8263-D9465678B2B1}.Release|ARM.ActiveCfg = Release|Any CPU
		{C5390ABE-A03E-4E33-8263-D9465678B2B1}.Release|ARM.Build.0 = Release|Any CPU
		{C5390ABE-A03E-4E33-8263-D9465678B2B1}.Release|ARM.Deploy.0 = Release|Any CPU
		{C5390ABE-A03E-4E33-8263-D9465678B2B1}.Release|ARM64.ActiveCfg = Release|Any CPU
		{C5390ABE-A03E-4E33-8263-D9465678B2B1}.Release|ARM64.Build.0 = Release|Any CPU
		{C5390ABE-A03E-4E33-8263-D9465678B2B1}.Release|iPhone.ActiveCfg = Release|Any CPU
		{C5390ABE-A03E-4E33-8263-D9465678B2B1}.Release|iPhone.Build.0 = Release|Any CPU
		{C5390ABE-A03E-4E33-8263-D9465678B2B1}.Release|iPhone.Deploy.0 = Release|Any CPU
		{C5390ABE-A03E-4E33-8263-D9465678B2B1}.Release|iPhoneSimulator.ActiveCfg = Release|Any CPU
		{C5390ABE-A03E-4E33-8263-D9465678B2B1}.Release|iPhoneSimulator.Build.0 = Release|Any CPU
		{C5390ABE-A03E-4E33-8263-D9465678B2B1}.Release|iPhoneSimulator.Deploy.0 = Release|Any CPU
		{C5390ABE-A03E-4E33-8263-D9465678B2B1}.Release|x64.ActiveCfg = Release|Any CPU
		{C5390ABE-A03E-4E33-8263-D9465678B2B1}.Release|x64.Build.0 = Release|Any CPU
		{C5390ABE-A03E-4E33-8263-D9465678B2B1}.Release|x64.Deploy.0 = Release|Any CPU
		{C5390ABE-A03E-4E33-8263-D9465678B2B1}.Release|x86.ActiveCfg = Release|Any CPU
		{C5390ABE-A03E-4E33-8263-D9465678B2B1}.Release|x86.Build.0 = Release|Any CPU
		{C5390ABE-A03E-4E33-8263-D9465678B2B1}.Release|x86.Deploy.0 = Release|Any CPU
		{9630186A-29A8-4833-887C-37632A732519}.Debug|Any CPU.ActiveCfg = Debug|Any CPU
		{9630186A-29A8-4833-887C-37632A732519}.Debug|Any CPU.Build.0 = Debug|Any CPU
		{9630186A-29A8-4833-887C-37632A732519}.Debug|ARM.ActiveCfg = Debug|Any CPU
		{9630186A-29A8-4833-887C-37632A732519}.Debug|ARM.Build.0 = Debug|Any CPU
		{9630186A-29A8-4833-887C-37632A732519}.Debug|ARM64.ActiveCfg = Debug|Any CPU
		{9630186A-29A8-4833-887C-37632A732519}.Debug|ARM64.Build.0 = Debug|Any CPU
		{9630186A-29A8-4833-887C-37632A732519}.Debug|iPhone.ActiveCfg = Debug|Any CPU
		{9630186A-29A8-4833-887C-37632A732519}.Debug|iPhone.Build.0 = Debug|Any CPU
		{9630186A-29A8-4833-887C-37632A732519}.Debug|iPhoneSimulator.ActiveCfg = Debug|Any CPU
		{9630186A-29A8-4833-887C-37632A732519}.Debug|iPhoneSimulator.Build.0 = Debug|Any CPU
		{9630186A-29A8-4833-887C-37632A732519}.Debug|x64.ActiveCfg = Debug|Any CPU
		{9630186A-29A8-4833-887C-37632A732519}.Debug|x64.Build.0 = Debug|Any CPU
		{9630186A-29A8-4833-887C-37632A732519}.Debug|x86.ActiveCfg = Debug|Any CPU
		{9630186A-29A8-4833-887C-37632A732519}.Debug|x86.Build.0 = Debug|Any CPU
		{9630186A-29A8-4833-887C-37632A732519}.Release|Any CPU.ActiveCfg = Release|Any CPU
		{9630186A-29A8-4833-887C-37632A732519}.Release|Any CPU.Build.0 = Release|Any CPU
		{9630186A-29A8-4833-887C-37632A732519}.Release|ARM.ActiveCfg = Release|Any CPU
		{9630186A-29A8-4833-887C-37632A732519}.Release|ARM.Build.0 = Release|Any CPU
		{9630186A-29A8-4833-887C-37632A732519}.Release|ARM64.ActiveCfg = Release|Any CPU
		{9630186A-29A8-4833-887C-37632A732519}.Release|ARM64.Build.0 = Release|Any CPU
		{9630186A-29A8-4833-887C-37632A732519}.Release|iPhone.ActiveCfg = Release|Any CPU
		{9630186A-29A8-4833-887C-37632A732519}.Release|iPhone.Build.0 = Release|Any CPU
		{9630186A-29A8-4833-887C-37632A732519}.Release|iPhoneSimulator.ActiveCfg = Release|Any CPU
		{9630186A-29A8-4833-887C-37632A732519}.Release|iPhoneSimulator.Build.0 = Release|Any CPU
		{9630186A-29A8-4833-887C-37632A732519}.Release|x64.ActiveCfg = Release|Any CPU
		{9630186A-29A8-4833-887C-37632A732519}.Release|x64.Build.0 = Release|Any CPU
		{9630186A-29A8-4833-887C-37632A732519}.Release|x86.ActiveCfg = Release|Any CPU
		{9630186A-29A8-4833-887C-37632A732519}.Release|x86.Build.0 = Release|Any CPU
	EndGlobalSection
	GlobalSection(SolutionProperties) = preSolution
		HideSolutionNode = FALSE
	EndGlobalSection
	GlobalSection(ExtensibilityGlobals) = postSolution
		SolutionGuid = {9ED7D3CD-1BA2-4185-860D-00812E252530}
	EndGlobalSection
EndGlobal
